
Microsoft Visual Studio Solution File, Format Version 12.00
# Visual Studio Version 17
VisualStudioVersion = 17.2.32616.157
MinimumVisualStudioVersion = 10.0.40219.1
Project("{FAE04EC0-301F-11D3-BF4B-00C04F79EFBC}") = "TimeManagementApp", "TimeManagementApp.csproj", "{AE968A1D-B43F-4212-979A-6A580CBD9A91}"
	ProjectSection(ProjectDependencies) = postProject
		{F630FED0-EA48-49AB-B04D-33D4E3C2B7C7} = {F630FED0-EA48-49AB-B04D-33D4E3C2B7C7}
	EndProjectSection
EndProject
Project("{FAE04EC0-301F-11D3-BF4B-00C04F79EFBC}") = "TimeManagementClassLibrary", "..\TimeManagementClassLibrary\TimeManagementClassLibrary.csproj", "{F630FED0-EA48-49AB-B04D-33D4E3C2B7C7}"
EndProject
Global
	GlobalSection(SolutionConfigurationPlatforms) = preSolution
		Debug|Any CPU = Debug|Any CPU
		Release|Any CPU = Release|Any CPU
	EndGlobalSection
	GlobalSection(ProjectConfigurationPlatforms) = postSolution
		{AE968A1D-B43F-4212-979A-6A580CBD9A91}.Debug|Any CPU.ActiveCfg = Debug|Any CPU
		{AE968A1D-B43F-4212-979A-6A580CBD9A91}.Debug|Any CPU.Build.0 = Debug|Any CPU
		{AE968A1D-B43F-4212-979A-6A580CBD9A91}.Release|Any CPU.ActiveCfg = Release|Any CPU
		{AE968A1D-B43F-4212-979A-6A580CBD9A91}.Release|Any CPU.Build.0 = Release|Any CPU
		{F630FED0-EA48-49AB-B04D-33D4E3C2B7C7}.Debug|Any CPU.ActiveCfg = Debug|Any CPU
		{F630FED0-EA48-49AB-B04D-33D4E3C2B7C7}.Debug|Any CPU.Build.0 = Debug|Any CPU
		{F630FED0-EA48-49AB-B04D-33D4E3C2B7C7}.Release|Any CPU.ActiveCfg = Release|Any CPU
		{F630FED0-EA48-49AB-B04D-33D4E3C2B7C7}.Release|Any CPU.Build.0 = Release|Any CPU
	EndGlobalSection
	GlobalSection(SolutionProperties) = preSolution
		HideSolutionNode = FALSE
	EndGlobalSection
	GlobalSection(ExtensibilityGlobals) = postSolution
		SolutionGuid = {FE0CE3A4-B316-4F73-BB39-FE2C5EDF4B1D}
	EndGlobalSection
EndGlobal
